
Microsoft Visual Studio Solution File, Format Version 12.00
# Visual Studio Version 17
VisualStudioVersion = 17.14.36408.4 d17.14
MinimumVisualStudioVersion = 10.0.40219.1
Project("{FAE04EC0-301F-11D3-BF4B-00C04F79EFBC}") = "IncirDesignRevize1", "IncirDesignRevize1\IncirDesignRevize1.csproj", "{A5B6DE68-0BB8-4436-B961-AF2808235867}"
EndProject
Global
	GlobalSection(SolutionConfigurationPlatforms) = preSolution
		Debug|Any CPU = Debug|Any CPU
		Release|Any CPU = Release|Any CPU
	EndGlobalSection
	GlobalSection(ProjectConfigurationPlatforms) = postSolution
		{A5B6DE68-0BB8-4436-B961-AF2808235867}.Debug|Any CPU.ActiveCfg = Debug|Any CPU
		{A5B6DE68-0BB8-4436-B961-AF2808235867}.Debug|Any CPU.Build.0 = Debug|Any CPU
		{A5B6DE68-0BB8-4436-B961-AF2808235867}.Release|Any CPU.ActiveCfg = Release|Any CPU
		{A5B6DE68-0BB8-4436-B961-AF2808235867}.Release|Any CPU.Build.0 = Release|Any CPU
	EndGlobalSection
	GlobalSection(SolutionProperties) = preSolution
		HideSolutionNode = FALSE
	EndGlobalSection
	GlobalSection(ExtensibilityGlobals) = postSolution
		SolutionGuid = {064AE2EA-B381-45AA-B928-8A314D22703F}
	EndGlobalSection
EndGlobal
